// !$*UTF8*$!
{
	archiveVersion = 1;
	classes = {
	};
	objectVersion = 50;
	objects = {

/* Begin PBXBuildFile section */
		C344CF15261861800069BD07 /* AppDelegate.swift in Sources */ = {isa = PBXBuildFile; fileRef = C344CF14261861800069BD07 /* AppDelegate.swift */; };
		C344CF17261861800069BD07 /* SceneDelegate.swift in Sources */ = {isa = PBXBuildFile; fileRef = C344CF16261861800069BD07 /* SceneDelegate.swift */; };
		C344CF19261861800069BD07 /* ViewController.swift in Sources */ = {isa = PBXBuildFile; fileRef = C344CF18261861800069BD07 /* ViewController.swift */; };
		C344CF1C261861800069BD07 /* Main.storyboard in Resources */ = {isa = PBXBuildFile; fileRef = C344CF1A261861800069BD07 /* Main.storyboard */; };
		C344CF1E261861820069BD07 /* Assets.xcassets in Resources */ = {isa = PBXBuildFile; fileRef = C344CF1D261861820069BD07 /* Assets.xcassets */; };
		C344CF21261861820069BD07 /* LaunchScreen.storyboard in Resources */ = {isa = PBXBuildFile; fileRef = C344CF1F261861820069BD07 /* LaunchScreen.storyboard */; };
		C344CF2C261861830069BD07 /* iRecipeTests.swift in Sources */ = {isa = PBXBuildFile; fileRef = C344CF2B261861830069BD07 /* iRecipeTests.swift */; };
		C344CF37261861830069BD07 /* iRecipeUITests.swift in Sources */ = {isa = PBXBuildFile; fileRef = C344CF36261861830069BD07 /* iRecipeUITests.swift */; };
		C351A3BF261B251800C8FF2E /* EditRecipeController.swift in Sources */ = {isa = PBXBuildFile; fileRef = C351A3BE261B251800C8FF2E /* EditRecipeController.swift */; };
		C3CDA156261873FC00E51245 /* Recipe.swift in Sources */ = {isa = PBXBuildFile; fileRef = C3CDA155261873FC00E51245 /* Recipe.swift */; };
		C3CDA16B2618EE7A00E51245 /* Extensions.swift in Sources */ = {isa = PBXBuildFile; fileRef = C3CDA16A2618EE7A00E51245 /* Extensions.swift */; };
		C3CDA1702618FAF100E51245 /* FileReader.swift in Sources */ = {isa = PBXBuildFile; fileRef = C3CDA16F2618FAF100E51245 /* FileReader.swift */; };
		C3CDA17D2619020500E51245 /* RecipeDetailsController.swift in Sources */ = {isa = PBXBuildFile; fileRef = C3CDA17C2619020500E51245 /* RecipeDetailsController.swift */; };
		C3CDA18B2619E04C00E51245 /* AddRecipeController.swift in Sources */ = {isa = PBXBuildFile; fileRef = C3CDA18A2619E04C00E51245 /* AddRecipeController.swift */; };
		C3CDA190261A357100E51245 /* TextInputTableViewCell.swift in Sources */ = {isa = PBXBuildFile; fileRef = C3CDA18F261A357100E51245 /* TextInputTableViewCell.swift */; };
/* End PBXBuildFile section */

/* Begin PBXContainerItemProxy section */
		C344CF28261861830069BD07 /* PBXContainerItemProxy */ = {
			isa = PBXContainerItemProxy;
			containerPortal = C344CF09261861800069BD07 /* Project object */;
			proxyType = 1;
			remoteGlobalIDString = C344CF10261861800069BD07;
			remoteInfo = iRecipe;
		};
		C344CF33261861830069BD07 /* PBXContainerItemProxy */ = {
			isa = PBXContainerItemProxy;
			containerPortal = C344CF09261861800069BD07 /* Project object */;
			proxyType = 1;
			remoteGlobalIDString = C344CF10261861800069BD07;
			remoteInfo = iRecipe;
		};
/* End PBXContainerItemProxy section */

/* Begin PBXFileReference section */
		C344CF11261861800069BD07 /* iRecipe.app */ = {isa = PBXFileReference; explicitFileType = wrapper.application; includeInIndex = 0; path = iRecipe.app; sourceTree = BUILT_PRODUCTS_DIR; };
		C344CF14261861800069BD07 /* AppDelegate.swift */ = {isa = PBXFileReference; lastKnownFileType = sourcecode.swift; path = AppDelegate.swift; sourceTree = "<group>"; };
		C344CF16261861800069BD07 /* SceneDelegate.swift */ = {isa = PBXFileReference; lastKnownFileType = sourcecode.swift; path = SceneDelegate.swift; sourceTree = "<group>"; };
		C344CF18261861800069BD07 /* ViewController.swift */ = {isa = PBXFileReference; lastKnownFileType = sourcecode.swift; path = ViewController.swift; sourceTree = "<group>"; };
		C344CF1B261861800069BD07 /* Base */ = {isa = PBXFileReference; lastKnownFileType = file.storyboard; name = Base; path = Base.lproj/Main.storyboard; sourceTree = "<group>"; };
		C344CF1D261861820069BD07 /* Assets.xcassets */ = {isa = PBXFileReference; lastKnownFileType = folder.assetcatalog; path = Assets.xcassets; sourceTree = "<group>"; };
		C344CF20261861820069BD07 /* Base */ = {isa = PBXFileReference; lastKnownFileType = file.storyboard; name = Base; path = Base.lproj/LaunchScreen.storyboard; sourceTree = "<group>"; };
		C344CF22261861820069BD07 /* Info.plist */ = {isa = PBXFileReference; lastKnownFileType = text.plist.xml; path = Info.plist; sourceTree = "<group>"; };
		C344CF27261861830069BD07 /* iRecipeTests.xctest */ = {isa = PBXFileReference; explicitFileType = wrapper.cfbundle; includeInIndex = 0; path = iRecipeTests.xctest; sourceTree = BUILT_PRODUCTS_DIR; };
		C344CF2B261861830069BD07 /* iRecipeTests.swift */ = {isa = PBXFileReference; lastKnownFileType = sourcecode.swift; path = iRecipeTests.swift; sourceTree = "<group>"; };
		C344CF2D261861830069BD07 /* Info.plist */ = {isa = PBXFileReference; lastKnownFileType = text.plist.xml; path = Info.plist; sourceTree = "<group>"; };
		C344CF32261861830069BD07 /* iRecipeUITests.xctest */ = {isa = PBXFileReference; explicitFileType = wrapper.cfbundle; includeInIndex = 0; path = iRecipeUITests.xctest; sourceTree = BUILT_PRODUCTS_DIR; };
		C344CF36261861830069BD07 /* iRecipeUITests.swift */ = {isa = PBXFileReference; lastKnownFileType = sourcecode.swift; path = iRecipeUITests.swift; sourceTree = "<group>"; };
		C344CF38261861830069BD07 /* Info.plist */ = {isa = PBXFileReference; lastKnownFileType = text.plist.xml; path = Info.plist; sourceTree = "<group>"; };
		C351A3BE261B251800C8FF2E /* EditRecipeController.swift */ = {isa = PBXFileReference; lastKnownFileType = sourcecode.swift; path = EditRecipeController.swift; sourceTree = "<group>"; };
		C3CDA155261873FC00E51245 /* Recipe.swift */ = {isa = PBXFileReference; lastKnownFileType = sourcecode.swift; path = Recipe.swift; sourceTree = "<group>"; };
		C3CDA16A2618EE7A00E51245 /* Extensions.swift */ = {isa = PBXFileReference; lastKnownFileType = sourcecode.swift; path = Extensions.swift; sourceTree = "<group>"; };
		C3CDA16F2618FAF100E51245 /* FileReader.swift */ = {isa = PBXFileReference; lastKnownFileType = sourcecode.swift; path = FileReader.swift; sourceTree = "<group>"; };
		C3CDA17C2619020500E51245 /* RecipeDetailsController.swift */ = {isa = PBXFileReference; lastKnownFileType = sourcecode.swift; path = RecipeDetailsController.swift; sourceTree = "<group>"; };
		C3CDA18A2619E04C00E51245 /* AddRecipeController.swift */ = {isa = PBXFileReference; lastKnownFileType = sourcecode.swift; path = AddRecipeController.swift; sourceTree = "<group>"; };
		C3CDA18F261A357100E51245 /* TextInputTableViewCell.swift */ = {isa = PBXFileReference; lastKnownFileType = sourcecode.swift; path = TextInputTableViewCell.swift; sourceTree = "<group>"; };
/* End PBXFileReference section */

/* Begin PBXFrameworksBuildPhase section */
		C344CF0E261861800069BD07 /* Frameworks */ = {
			isa = PBXFrameworksBuildPhase;
			buildActionMask = 2147483647;
			files = (
			);
			runOnlyForDeploymentPostprocessing = 0;
		};
		C344CF24261861830069BD07 /* Frameworks */ = {
			isa = PBXFrameworksBuildPhase;
			buildActionMask = 2147483647;
			files = (
			);
			runOnlyForDeploymentPostprocessing = 0;
		};
		C344CF2F261861830069BD07 /* Frameworks */ = {
			isa = PBXFrameworksBuildPhase;
			buildActionMask = 2147483647;
			files = (
			);
			runOnlyForDeploymentPostprocessing = 0;
		};
/* End PBXFrameworksBuildPhase section */

/* Begin PBXGroup section */
		C344CF08261861800069BD07 = {
			isa = PBXGroup;
			children = (
				C344CF13261861800069BD07 /* iRecipe */,
				C344CF2A261861830069BD07 /* iRecipeTests */,
				C344CF35261861830069BD07 /* iRecipeUITests */,
				C344CF12261861800069BD07 /* Products */,
			);
			sourceTree = "<group>";
		};
		C344CF12261861800069BD07 /* Products */ = {
			isa = PBXGroup;
			children = (
				C344CF11261861800069BD07 /* iRecipe.app */,
				C344CF27261861830069BD07 /* iRecipeTests.xctest */,
				C344CF32261861830069BD07 /* iRecipeUITests.xctest */,
			);
			name = Products;
			sourceTree = "<group>";
		};
		C344CF13261861800069BD07 /* iRecipe */ = {
			isa = PBXGroup;
			children = (
				C344CF14261861800069BD07 /* AppDelegate.swift */,
				C344CF16261861800069BD07 /* SceneDelegate.swift */,
				C344CF18261861800069BD07 /* ViewController.swift */,
				C3CDA17C2619020500E51245 /* RecipeDetailsController.swift */,
				C3CDA18A2619E04C00E51245 /* AddRecipeController.swift */,
				C351A3BE261B251800C8FF2E /* EditRecipeController.swift */,
				C3CDA1742619005800E51245 /* Class */,
				C3CDA1752619007C00E51245 /* Controller */,
				C344CF1A261861800069BD07 /* Main.storyboard */,
				C344CF1D261861820069BD07 /* Assets.xcassets */,
				C344CF1F261861820069BD07 /* LaunchScreen.storyboard */,
				C344CF22261861820069BD07 /* Info.plist */,
			);
			path = iRecipe;
			sourceTree = "<group>";
		};
		C344CF2A261861830069BD07 /* iRecipeTests */ = {
			isa = PBXGroup;
			children = (
				C344CF2B261861830069BD07 /* iRecipeTests.swift */,
				C344CF2D261861830069BD07 /* Info.plist */,
			);
			path = iRecipeTests;
			sourceTree = "<group>";
		};
		C344CF35261861830069BD07 /* iRecipeUITests */ = {
			isa = PBXGroup;
			children = (
				C344CF36261861830069BD07 /* iRecipeUITests.swift */,
				C344CF38261861830069BD07 /* Info.plist */,
			);
			path = iRecipeUITests;
			sourceTree = "<group>";
		};
		C3CDA1742619005800E51245 /* Class */ = {
			isa = PBXGroup;
			children = (
				C3CDA155261873FC00E51245 /* Recipe.swift */,
				C3CDA16F2618FAF100E51245 /* FileReader.swift */,
				C3CDA18F261A357100E51245 /* TextInputTableViewCell.swift */,
				C3CDA16A2618EE7A00E51245 /* Extensions.swift */,
			);
			path = Class;
			sourceTree = "<group>";
		};
		C3CDA1752619007C00E51245 /* Controller */ = {
			isa = PBXGroup;
			children = (
			);
			path = Controller;
			sourceTree = "<group>";
		};
/* End PBXGroup section */

/* Begin PBXNativeTarget section */
		C344CF10261861800069BD07 /* iRecipe */ = {
			isa = PBXNativeTarget;
			buildConfigurationList = C344CF3B261861830069BD07 /* Build configuration list for PBXNativeTarget "iRecipe" */;
			buildPhases = (
				C344CF0D261861800069BD07 /* Sources */,
				C344CF0E261861800069BD07 /* Frameworks */,
				C344CF0F261861800069BD07 /* Resources */,
			);
			buildRules = (
			);
			dependencies = (
			);
			name = iRecipe;
			productName = iRecipe;
			productReference = C344CF11261861800069BD07 /* iRecipe.app */;
			productType = "com.apple.product-type.application";
		};
		C344CF26261861830069BD07 /* iRecipeTests */ = {
			isa = PBXNativeTarget;
			buildConfigurationList = C344CF3E261861830069BD07 /* Build configuration list for PBXNativeTarget "iRecipeTests" */;
			buildPhases = (
				C344CF23261861830069BD07 /* Sources */,
				C344CF24261861830069BD07 /* Frameworks */,
				C344CF25261861830069BD07 /* Resources */,
			);
			buildRules = (
			);
			dependencies = (
				C344CF29261861830069BD07 /* PBXTargetDependency */,
			);
			name = iRecipeTests;
			productName = iRecipeTests;
			productReference = C344CF27261861830069BD07 /* iRecipeTests.xctest */;
			productType = "com.apple.product-type.bundle.unit-test";
		};
		C344CF31261861830069BD07 /* iRecipeUITests */ = {
			isa = PBXNativeTarget;
			buildConfigurationList = C344CF41261861830069BD07 /* Build configuration list for PBXNativeTarget "iRecipeUITests" */;
			buildPhases = (
				C344CF2E261861830069BD07 /* Sources */,
				C344CF2F261861830069BD07 /* Frameworks */,
				C344CF30261861830069BD07 /* Resources */,
			);
			buildRules = (
			);
			dependencies = (
				C344CF34261861830069BD07 /* PBXTargetDependency */,
			);
			name = iRecipeUITests;
			productName = iRecipeUITests;
			productReference = C344CF32261861830069BD07 /* iRecipeUITests.xctest */;
			productType = "com.apple.product-type.bundle.ui-testing";
		};
/* End PBXNativeTarget section */

/* Begin PBXProject section */
		C344CF09261861800069BD07 /* Project object */ = {
			isa = PBXProject;
			attributes = {
				LastSwiftUpdateCheck = 1240;
				LastUpgradeCheck = 1240;
				TargetAttributes = {
					C344CF10261861800069BD07 = {
						CreatedOnToolsVersion = 12.4;
					};
					C344CF26261861830069BD07 = {
						CreatedOnToolsVersion = 12.4;
						TestTargetID = C344CF10261861800069BD07;
					};
					C344CF31261861830069BD07 = {
						CreatedOnToolsVersion = 12.4;
						TestTargetID = C344CF10261861800069BD07;
					};
				};
			};
			buildConfigurationList = C344CF0C261861800069BD07 /* Build configuration list for PBXProject "iRecipe" */;
			compatibilityVersion = "Xcode 9.3";
			developmentRegion = en;
			hasScannedForEncodings = 0;
			knownRegions = (
				en,
				Base,
			);
			mainGroup = C344CF08261861800069BD07;
			productRefGroup = C344CF12261861800069BD07 /* Products */;
			projectDirPath = "";
			projectRoot = "";
			targets = (
				C344CF10261861800069BD07 /* iRecipe */,
				C344CF26261861830069BD07 /* iRecipeTests */,
				C344CF31261861830069BD07 /* iRecipeUITests */,
			);
		};
/* End PBXProject section */

/* Begin PBXResourcesBuildPhase section */
		C344CF0F261861800069BD07 /* Resources */ = {
			isa = PBXResourcesBuildPhase;
			buildActionMask = 2147483647;
			files = (
				C344CF21261861820069BD07 /* LaunchScreen.storyboard in Resources */,
				C344CF1E261861820069BD07 /* Assets.xcassets in Resources */,
				C344CF1C261861800069BD07 /* Main.storyboard in Resources */,
			);
			runOnlyForDeploymentPostprocessing = 0;
		};
		C344CF25261861830069BD07 /* Resources */ = {
			isa = PBXResourcesBuildPhase;
			buildActionMask = 2147483647;
			files = (
			);
			runOnlyForDeploymentPostprocessing = 0;
		};
		C344CF30261861830069BD07 /* Resources */ = {
			isa = PBXResourcesBuildPhase;
			buildActionMask = 2147483647;
			files = (
			);
			runOnlyForDeploymentPostprocessing = 0;
		};
/* End PBXResourcesBuildPhase section */

/* Begin PBXSourcesBuildPhase section */
		C344CF0D261861800069BD07 /* Sources */ = {
			isa = PBXSourcesBuildPhase;
			buildActionMask = 2147483647;
			files = (
				C3CDA1702618FAF100E51245 /* FileReader.swift in Sources */,
				C351A3BF261B251800C8FF2E /* EditRecipeController.swift in Sources */,
				C3CDA18B2619E04C00E51245 /* AddRecipeController.swift in Sources */,
				C3CDA16B2618EE7A00E51245 /* Extensions.swift in Sources */,
				C344CF19261861800069BD07 /* ViewController.swift in Sources */,
				C344CF15261861800069BD07 /* AppDelegate.swift in Sources */,
				C344CF17261861800069BD07 /* SceneDelegate.swift in Sources */,
				C3CDA17D2619020500E51245 /* RecipeDetailsController.swift in Sources */,
				C3CDA190261A357100E51245 /* TextInputTableViewCell.swift in Sources */,
				C3CDA156261873FC00E51245 /* Recipe.swift in Sources */,
			);
			runOnlyForDeploymentPostprocessing = 0;
		};
		C344CF23261861830069BD07 /* Sources */ = {
			isa = PBXSourcesBuildPhase;
			buildActionMask = 2147483647;
			files = (
				C344CF2C261861830069BD07 /* iRecipeTests.swift in Sources */,
			);
			runOnlyForDeploymentPostprocessing = 0;
		};
		C344CF2E261861830069BD07 /* Sources */ = {
			isa = PBXSourcesBuildPhase;
			buildActionMask = 2147483647;
			files = (
				C344CF37261861830069BD07 /* iRecipeUITests.swift in Sources */,
			);
			runOnlyForDeploymentPostprocessing = 0;
		};
/* End PBXSourcesBuildPhase section */

/* Begin PBXTargetDependency section */
		C344CF29261861830069BD07 /* PBXTargetDependency */ = {
			isa = PBXTargetDependency;
			target = C344CF10261861800069BD07 /* iRecipe */;
			targetProxy = C344CF28261861830069BD07 /* PBXContainerItemProxy */;
		};
		C344CF34261861830069BD07 /* PBXTargetDependency */ = {
			isa = PBXTargetDependency;
			target = C344CF10261861800069BD07 /* iRecipe */;
			targetProxy = C344CF33261861830069BD07 /* PBXContainerItemProxy */;
		};
/* End PBXTargetDependency section */

/* Begin PBXVariantGroup section */
		C344CF1A261861800069BD07 /* Main.storyboard */ = {
			isa = PBXVariantGroup;
			children = (
				C344CF1B261861800069BD07 /* Base */,
			);
			name = Main.storyboard;
			sourceTree = "<group>";
		};
		C344CF1F261861820069BD07 /* LaunchScreen.storyboard */ = {
			isa = PBXVariantGroup;
			children = (
				C344CF20261861820069BD07 /* Base */,
			);
			name = LaunchScreen.storyboard;
			sourceTree = "<group>";
		};
/* End PBXVariantGroup section */

/* Begin XCBuildConfiguration section */
		C344CF39261861830069BD07 /* Debug */ = {
			isa = XCBuildConfiguration;
			buildSettings = {
				ALWAYS_SEARCH_USER_PATHS = NO;
				CLANG_ANALYZER_NONNULL = YES;
				CLANG_ANALYZER_NUMBER_OBJECT_CONVERSION = YES_AGGRESSIVE;
				CLANG_CXX_LANGUAGE_STANDARD = "gnu++14";
				CLANG_CXX_LIBRARY = "libc++";
				CLANG_ENABLE_MODULES = YES;
				CLANG_ENABLE_OBJC_ARC = YES;
				CLANG_ENABLE_OBJC_WEAK = YES;
				CLANG_WARN_BLOCK_CAPTURE_AUTORELEASING = YES;
				CLANG_WARN_BOOL_CONVERSION = YES;
				CLANG_WARN_COMMA = YES;
				CLANG_WARN_CONSTANT_CONVERSION = YES;
				CLANG_WARN_DEPRECATED_OBJC_IMPLEMENTATIONS = YES;
				CLANG_WARN_DIRECT_OBJC_ISA_USAGE = YES_ERROR;
				CLANG_WARN_DOCUMENTATION_COMMENTS = YES;
				CLANG_WARN_EMPTY_BODY = YES;
				CLANG_WARN_ENUM_CONVERSION = YES;
				CLANG_WARN_INFINITE_RECURSION = YES;
				CLANG_WARN_INT_CONVERSION = YES;
				CLANG_WARN_NON_LITERAL_NULL_CONVERSION = YES;
				CLANG_WARN_OBJC_IMPLICIT_RETAIN_SELF = YES;
				CLANG_WARN_OBJC_LITERAL_CONVERSION = YES;
				CLANG_WARN_OBJC_ROOT_CLASS = YES_ERROR;
				CLANG_WARN_QUOTED_INCLUDE_IN_FRAMEWORK_HEADER = YES;
				CLANG_WARN_RANGE_LOOP_ANALYSIS = YES;
				CLANG_WARN_STRICT_PROTOTYPES = YES;
				CLANG_WARN_SUSPICIOUS_MOVE = YES;
				CLANG_WARN_UNGUARDED_AVAILABILITY = YES_AGGRESSIVE;
				CLANG_WARN_UNREACHABLE_CODE = YES;
				CLANG_WARN__DUPLICATE_METHOD_MATCH = YES;
				COPY_PHASE_STRIP = NO;
				DEBUG_INFORMATION_FORMAT = dwarf;
				ENABLE_STRICT_OBJC_MSGSEND = YES;
				ENABLE_TESTABILITY = YES;
				GCC_C_LANGUAGE_STANDARD = gnu11;
				GCC_DYNAMIC_NO_PIC = NO;
				GCC_NO_COMMON_BLOCKS = YES;
				GCC_OPTIMIZATION_LEVEL = 0;
				GCC_PREPROCESSOR_DEFINITIONS = (
					"DEBUG=1",
					"$(inherited)",
				);
				GCC_WARN_64_TO_32_BIT_CONVERSION = YES;
				GCC_WARN_ABOUT_RETURN_TYPE = YES_ERROR;
				GCC_WARN_UNDECLARED_SELECTOR = YES;
				GCC_WARN_UNINITIALIZED_AUTOS = YES_AGGRESSIVE;
				GCC_WARN_UNUSED_FUNCTION = YES;
				GCC_WARN_UNUSED_VARIABLE = YES;
				IPHONEOS_DEPLOYMENT_TARGET = 14.4;
				MTL_ENABLE_DEBUG_INFO = INCLUDE_SOURCE;
				MTL_FAST_MATH = YES;
				ONLY_ACTIVE_ARCH = YES;
				SDKROOT = iphoneos;
				SWIFT_ACTIVE_COMPILATION_CONDITIONS = DEBUG;
				SWIFT_OPTIMIZATION_LEVEL = "-Onone";
			};
			name = Debug;
		};
		C344CF3A261861830069BD07 /* Release */ = {
			isa = XCBuildConfiguration;
			buildSettings = {
				ALWAYS_SEARCH_USER_PATHS = NO;
				CLANG_ANALYZER_NONNULL = YES;
				CLANG_ANALYZER_NUMBER_OBJECT_CONVERSION = YES_AGGRESSIVE;
				CLANG_CXX_LANGUAGE_STANDARD = "gnu++14";
				CLANG_CXX_LIBRARY = "libc++";
				CLANG_ENABLE_MODULES = YES;
				CLANG_ENABLE_OBJC_ARC = YES;
				CLANG_ENABLE_OBJC_WEAK = YES;
				CLANG_WARN_BLOCK_CAPTURE_AUTORELEASING = YES;
				CLANG_WARN_BOOL_CONVERSION = YES;
				CLANG_WARN_COMMA = YES;
				CLANG_WARN_CONSTANT_CONVERSION = YES;
				CLANG_WARN_DEPRECATED_OBJC_IMPLEMENTATIONS = YES;
				CLANG_WARN_DIRECT_OBJC_ISA_USAGE = YES_ERROR;
				CLANG_WARN_DOCUMENTATION_COMMENTS = YES;
				CLANG_WARN_EMPTY_BODY = YES;
				CLANG_WARN_ENUM_CONVERSION = YES;
				CLANG_WARN_INFINITE_RECURSION = YES;
				CLANG_WARN_INT_CONVERSION = YES;
				CLANG_WARN_NON_LITERAL_NULL_CONVERSION = YES;
				CLANG_WARN_OBJC_IMPLICIT_RETAIN_SELF = YES;
				CLANG_WARN_OBJC_LITERAL_CONVERSION = YES;
				CLANG_WARN_OBJC_ROOT_CLASS = YES_ERROR;
				CLANG_WARN_QUOTED_INCLUDE_IN_FRAMEWORK_HEADER = YES;
				CLANG_WARN_RANGE_LOOP_ANALYSIS = YES;
				CLANG_WARN_STRICT_PROTOTYPES = YES;
				CLANG_WARN_SUSPICIOUS_MOVE = YES;
				CLANG_WARN_UNGUARDED_AVAILABILITY = YES_AGGRESSIVE;
				CLANG_WARN_UNREACHABLE_CODE = YES;
				CLANG_WARN__DUPLICATE_METHOD_MATCH = YES;
				COPY_PHASE_STRIP = NO;
				DEBUG_INFORMATION_FORMAT = "dwarf-with-dsym";
				ENABLE_NS_ASSERTIONS = NO;
				ENABLE_STRICT_OBJC_MSGSEND = YES;
				GCC_C_LANGUAGE_STANDARD = gnu11;
				GCC_NO_COMMON_BLOCKS = YES;
				GCC_WARN_64_TO_32_BIT_CONVERSION = YES;
				GCC_WARN_ABOUT_RETURN_TYPE = YES_ERROR;
				GCC_WARN_UNDECLARED_SELECTOR = YES;
				GCC_WARN_UNINITIALIZED_AUTOS = YES_AGGRESSIVE;
				GCC_WARN_UNUSED_FUNCTION = YES;
				GCC_WARN_UNUSED_VARIABLE = YES;
				IPHONEOS_DEPLOYMENT_TARGET = 14.4;
				MTL_ENABLE_DEBUG_INFO = NO;
				MTL_FAST_MATH = YES;
				SDKROOT = iphoneos;
				SWIFT_COMPILATION_MODE = wholemodule;
				SWIFT_OPTIMIZATION_LEVEL = "-O";
				VALIDATE_PRODUCT = YES;
			};
			name = Release;
		};
		C344CF3C261861830069BD07 /* Debug */ = {
			isa = XCBuildConfiguration;
			buildSettings = {
				ASSETCATALOG_COMPILER_APPICON_NAME = AppIcon;
				ASSETCATALOG_COMPILER_GLOBAL_ACCENT_COLOR_NAME = AccentColor;
				CODE_SIGN_STYLE = Automatic;
				DEVELOPMENT_TEAM = 7MSALP9SZF;
				INFOPLIST_FILE = iRecipe/Info.plist;
				LD_RUNPATH_SEARCH_PATHS = (
					"$(inherited)",
					"@executable_path/Frameworks",
				);
				PRODUCT_BUNDLE_IDENTIFIER = com.example.iRecipe;
				PRODUCT_NAME = "$(TARGET_NAME)";
				SWIFT_VERSION = 5.0;
				TARGETED_DEVICE_FAMILY = "1,2";
			};
			name = Debug;
		};
		C344CF3D261861830069BD07 /* Release */ = {
			isa = XCBuildConfiguration;
			buildSettings = {
				ASSETCATALOG_COMPILER_APPICON_NAME = AppIcon;
				ASSETCATALOG_COMPILER_GLOBAL_ACCENT_COLOR_NAME = AccentColor;
				CODE_SIGN_STYLE = Automatic;
				DEVELOPMENT_TEAM = 7MSALP9SZF;
				INFOPLIST_FILE = iRecipe/Info.plist;
				LD_RUNPATH_SEARCH_PATHS = (
					"$(inherited)",
					"@executable_path/Frameworks",
				);
				PRODUCT_BUNDLE_IDENTIFIER = com.example.iRecipe;
				PRODUCT_NAME = "$(TARGET_NAME)";
				SWIFT_VERSION = 5.0;
				TARGETED_DEVICE_FAMILY = "1,2";
			};
			name = Release;
		};
		C344CF3F261861830069BD07 /* Debug */ = {
			isa = XCBuildConfiguration;
			buildSettings = {
				ALWAYS_EMBED_SWIFT_STANDARD_LIBRARIES = YES;
				BUNDLE_LOADER = "$(TEST_HOST)";
				CODE_SIGN_STYLE = Automatic;
				DEVELOPMENT_TEAM = 7MSALP9SZF;
				INFOPLIST_FILE = iRecipeTests/Info.plist;
				IPHONEOS_DEPLOYMENT_TARGET = 14.4;
				LD_RUNPATH_SEARCH_PATHS = (
					"$(inherited)",
					"@executable_path/Frameworks",
					"@loader_path/Frameworks",
				);
				PRODUCT_BUNDLE_IDENTIFIER = com.example.iRecipeTests;
				PRODUCT_NAME = "$(TARGET_NAME)";
				SWIFT_VERSION = 5.0;
				TARGETED_DEVICE_FAMILY = "1,2";
				TEST_HOST = "$(BUILT_PRODUCTS_DIR)/iRecipe.app/iRecipe";
			};
			name = Debug;
		};
		C344CF40261861830069BD07 /* Release */ = {
			isa = XCBuildConfiguration;
			buildSettings = {
				ALWAYS_EMBED_SWIFT_STANDARD_LIBRARIES = YES;
				BUNDLE_LOADER = "$(TEST_HOST)";
				CODE_SIGN_STYLE = Automatic;
				DEVELOPMENT_TEAM = 7MSALP9SZF;
				INFOPLIST_FILE = iRecipeTests/Info.plist;
				IPHONEOS_DEPLOYMENT_TARGET = 14.4;
				LD_RUNPATH_SEARCH_PATHS = (
					"$(inherited)",
					"@executable_path/Frameworks",
					"@loader_path/Frameworks",
				);
				PRODUCT_BUNDLE_IDENTIFIER = com.example.iRecipeTests;
				PRODUCT_NAME = "$(TARGET_NAME)";
				SWIFT_VERSION = 5.0;
				TARGETED_DEVICE_FAMILY = "1,2";
				TEST_HOST = "$(BUILT_PRODUCTS_DIR)/iRecipe.app/iRecipe";
			};
			name = Release;
		};
		C344CF42261861830069BD07 /* Debug */ = {
			isa = XCBuildConfiguration;
			buildSettings = {
				ALWAYS_EMBED_SWIFT_STANDARD_LIBRARIES = YES;
				CODE_SIGN_STYLE = Automatic;
				DEVELOPMENT_TEAM = 7MSALP9SZF;
				INFOPLIST_FILE = iRecipeUITests/Info.plist;
				LD_RUNPATH_SEARCH_PATHS = (
					"$(inherited)",
					"@executable_path/Frameworks",
					"@loader_path/Frameworks",
				);
				PRODUCT_BUNDLE_IDENTIFIER = com.example.iRecipeUITests;
				PRODUCT_NAME = "$(TARGET_NAME)";
				SWIFT_VERSION = 5.0;
				TARGETED_DEVICE_FAMILY = "1,2";
				TEST_TARGET_NAME = iRecipe;
			};
			name = Debug;
		};
		C344CF43261861830069BD07 /* Release */ = {
			isa = XCBuildConfiguration;
			buildSettings = {
				ALWAYS_EMBED_SWIFT_STANDARD_LIBRARIES = YES;
				CODE_SIGN_STYLE = Automatic;
				DEVELOPMENT_TEAM = 7MSALP9SZF;
				INFOPLIST_FILE = iRecipeUITests/Info.plist;
				LD_RUNPATH_SEARCH_PATHS = (
					"$(inherited)",
					"@executable_path/Frameworks",
					"@loader_path/Frameworks",
				);
				PRODUCT_BUNDLE_IDENTIFIER = com.example.iRecipeUITests;
				PRODUCT_NAME = "$(TARGET_NAME)";
				SWIFT_VERSION = 5.0;
				TARGETED_DEVICE_FAMILY = "1,2";
				TEST_TARGET_NAME = iRecipe;
			};
			name = Release;
		};
/* End XCBuildConfiguration section */

/* Begin XCConfigurationList section */
		C344CF0C261861800069BD07 /* Build configuration list for PBXProject "iRecipe" */ = {
			isa = XCConfigurationList;
			buildConfigurations = (
				C344CF39261861830069BD07 /* Debug */,
				C344CF3A261861830069BD07 /* Release */,
			);
			defaultConfigurationIsVisible = 0;
			defaultConfigurationName = Release;
		};
		C344CF3B261861830069BD07 /* Build configuration list for PBXNativeTarget "iRecipe" */ = {
			isa = XCConfigurationList;
			buildConfigurations = (
				C344CF3C261861830069BD07 /* Debug */,
				C344CF3D261861830069BD07 /* Release */,
			);
			defaultConfigurationIsVisible = 0;
			defaultConfigurationName = Release;
		};
		C344CF3E261861830069BD07 /* Build configuration list for PBXNativeTarget "iRecipeTests" */ = {
			isa = XCConfigurationList;
			buildConfigurations = (
				C344CF3F261861830069BD07 /* Debug */,
				C344CF40261861830069BD07 /* Release */,
			);
			defaultConfigurationIsVisible = 0;
			defaultConfigurationName = Release;
		};
		C344CF41261861830069BD07 /* Build configuration list for PBXNativeTarget "iRecipeUITests" */ = {
			isa = XCConfigurationList;
			buildConfigurations = (
				C344CF42261861830069BD07 /* Debug */,
				C344CF43261861830069BD07 /* Release */,
			);
			defaultConfigurationIsVisible = 0;
			defaultConfigurationName = Release;
		};
/* End XCConfigurationList section */
	};
	rootObject = C344CF09261861800069BD07 /* Project object */;
}
